// !$*UTF8*$!
{
	archiveVersion = 1;
	classes = {
	};
	objectVersion = 50;
	objects = {

/* Begin PBXBuildFile section */
		406082042526686500438ABC /* FruitCardView.swift in Sources */ = {isa = PBXBuildFile; fileRef = 406082032526686500438ABC /* FruitCardView.swift */; };
		406082622527440C00438ABC /* StartButtonView.swift in Sources */ = {isa = PBXBuildFile; fileRef = 406082612527440C00438ABC /* StartButtonView.swift */; };
		406082652527467500438ABC /* OnboardingView.swift in Sources */ = {isa = PBXBuildFile; fileRef = 406082642527467500438ABC /* OnboardingView.swift */; };
		40866F2D252E491100F56257 /* FruitModel.swift in Sources */ = {isa = PBXBuildFile; fileRef = 40866F2C252E491100F56257 /* FruitModel.swift */; };
		40866F32252E49FE00F56257 /* FruitData.swift in Sources */ = {isa = PBXBuildFile; fileRef = 40866F31252E49FE00F56257 /* FruitData.swift */; };
		40866F39253089AE00F56257 /* FruitListView.swift in Sources */ = {isa = PBXBuildFile; fileRef = 40866F38253089AD00F56257 /* FruitListView.swift */; };
		40866F3C2530A5F400F56257 /* FruitRowView.swift in Sources */ = {isa = PBXBuildFile; fileRef = 40866F3B2530A5F400F56257 /* FruitRowView.swift */; };
		40BAFC832526493E00538C66 /* FructusApp.swift in Sources */ = {isa = PBXBuildFile; fileRef = 40BAFC822526493E00538C66 /* FructusApp.swift */; };
		40BAFC872526494000538C66 /* Assets.xcassets in Resources */ = {isa = PBXBuildFile; fileRef = 40BAFC862526494000538C66 /* Assets.xcassets */; };
		40BAFC8A2526494000538C66 /* Preview Assets.xcassets in Resources */ = {isa = PBXBuildFile; fileRef = 40BAFC892526494000538C66 /* Preview Assets.xcassets */; };
		45188DE3255AB94300205AD1 /* FruitDetailView.swift in Sources */ = {isa = PBXBuildFile; fileRef = 45188DE2255AB94300205AD1 /* FruitDetailView.swift */; };
/* End PBXBuildFile section */

/* Begin PBXFileReference section */
		406082032526686500438ABC /* FruitCardView.swift */ = {isa = PBXFileReference; lastKnownFileType = sourcecode.swift; path = FruitCardView.swift; sourceTree = "<group>"; };
		406082612527440C00438ABC /* StartButtonView.swift */ = {isa = PBXFileReference; lastKnownFileType = sourcecode.swift; path = StartButtonView.swift; sourceTree = "<group>"; };
		406082642527467500438ABC /* OnboardingView.swift */ = {isa = PBXFileReference; lastKnownFileType = sourcecode.swift; path = OnboardingView.swift; sourceTree = "<group>"; };
		40866F2C252E491100F56257 /* FruitModel.swift */ = {isa = PBXFileReference; lastKnownFileType = sourcecode.swift; path = FruitModel.swift; sourceTree = "<group>"; };
		40866F31252E49FE00F56257 /* FruitData.swift */ = {isa = PBXFileReference; lastKnownFileType = sourcecode.swift; path = FruitData.swift; sourceTree = "<group>"; };
		40866F38253089AD00F56257 /* FruitListView.swift */ = {isa = PBXFileReference; lastKnownFileType = sourcecode.swift; path = FruitListView.swift; sourceTree = "<group>"; };
		40866F3B2530A5F400F56257 /* FruitRowView.swift */ = {isa = PBXFileReference; lastKnownFileType = sourcecode.swift; path = FruitRowView.swift; sourceTree = "<group>"; };
		40BAFC7F2526493E00538C66 /* Fructus.app */ = {isa = PBXFileReference; explicitFileType = wrapper.application; includeInIndex = 0; path = Fructus.app; sourceTree = BUILT_PRODUCTS_DIR; };
		40BAFC822526493E00538C66 /* FructusApp.swift */ = {isa = PBXFileReference; lastKnownFileType = sourcecode.swift; path = FructusApp.swift; sourceTree = "<group>"; };
		40BAFC862526494000538C66 /* Assets.xcassets */ = {isa = PBXFileReference; lastKnownFileType = folder.assetcatalog; path = Assets.xcassets; sourceTree = "<group>"; };
		40BAFC892526494000538C66 /* Preview Assets.xcassets */ = {isa = PBXFileReference; lastKnownFileType = folder.assetcatalog; path = "Preview Assets.xcassets"; sourceTree = "<group>"; };
		40BAFC8B2526494000538C66 /* Info.plist */ = {isa = PBXFileReference; lastKnownFileType = text.plist.xml; path = Info.plist; sourceTree = "<group>"; };
		45188DE2255AB94300205AD1 /* FruitDetailView.swift */ = {isa = PBXFileReference; lastKnownFileType = sourcecode.swift; path = FruitDetailView.swift; sourceTree = "<group>"; };
/* End PBXFileReference section */

/* Begin PBXFrameworksBuildPhase section */
		40BAFC7C2526493E00538C66 /* Frameworks */ = {
			isa = PBXFrameworksBuildPhase;
			buildActionMask = 2147483647;
			files = (
			);
			runOnlyForDeploymentPostprocessing = 0;
		};
/* End PBXFrameworksBuildPhase section */

/* Begin PBXGroup section */
		406081FC2526661800438ABC /* App */ = {
			isa = PBXGroup;
			children = (
				40BAFC822526493E00538C66 /* FructusApp.swift */,
				406082642527467500438ABC /* OnboardingView.swift */,
				40866F38253089AD00F56257 /* FruitListView.swift */,
				45188DE2255AB94300205AD1 /* FruitDetailView.swift */,
			);
			path = App;
			sourceTree = "<group>";
		};
		406081FD2526662200438ABC /* View */ = {
			isa = PBXGroup;
			children = (
				406082032526686500438ABC /* FruitCardView.swift */,
				406082612527440C00438ABC /* StartButtonView.swift */,
				40866F3B2530A5F400F56257 /* FruitRowView.swift */,
			);
			path = View;
			sourceTree = "<group>";
		};
		40866F2B252E490300F56257 /* Model */ = {
			isa = PBXGroup;
			children = (
				40866F2C252E491100F56257 /* FruitModel.swift */,
			);
			path = Model;
			sourceTree = "<group>";
		};
		40866F30252E49EA00F56257 /* Data */ = {
			isa = PBXGroup;
			children = (
				40866F31252E49FE00F56257 /* FruitData.swift */,
			);
			path = Data;
			sourceTree = "<group>";
		};
		40BAFC762526493E00538C66 = {
			isa = PBXGroup;
			children = (
				40BAFC812526493E00538C66 /* Fructus */,
				40BAFC802526493E00538C66 /* Products */,
			);
			sourceTree = "<group>";
		};
		40BAFC802526493E00538C66 /* Products */ = {
			isa = PBXGroup;
			children = (
				40BAFC7F2526493E00538C66 /* Fructus.app */,
			);
			name = Products;
			sourceTree = "<group>";
		};
		40BAFC812526493E00538C66 /* Fructus */ = {
			isa = PBXGroup;
			children = (
				40866F30252E49EA00F56257 /* Data */,
				40866F2B252E490300F56257 /* Model */,
				406081FD2526662200438ABC /* View */,
				406081FC2526661800438ABC /* App */,
				40BAFC862526494000538C66 /* Assets.xcassets */,
				40BAFC8B2526494000538C66 /* Info.plist */,
				40BAFC882526494000538C66 /* Preview Content */,
			);
			path = Fructus;
			sourceTree = "<group>";
		};
		40BAFC882526494000538C66 /* Preview Content */ = {
			isa = PBXGroup;
			children = (
				40BAFC892526494000538C66 /* Preview Assets.xcassets */,
			);
			path = "Preview Content";
			sourceTree = "<group>";
		};
/* End PBXGroup section */

/* Begin PBXNativeTarget section */
		40BAFC7E2526493E00538C66 /* Fructus */ = {
			isa = PBXNativeTarget;
			buildConfigurationList = 40BAFC8E2526494000538C66 /* Build configuration list for PBXNativeTarget "Fructus" */;
			buildPhases = (
				40BAFC7B2526493E00538C66 /* Sources */,
				40BAFC7C2526493E00538C66 /* Frameworks */,
				40BAFC7D2526493E00538C66 /* Resources */,
			);
			buildRules = (
			);
			dependencies = (
			);
			name = Fructus;
			productName = Fructus;
			productReference = 40BAFC7F2526493E00538C66 /* Fructus.app */;
			productType = "com.apple.product-type.application";
		};
/* End PBXNativeTarget section */

/* Begin PBXProject section */
		40BAFC772526493E00538C66 /* Project object */ = {
			isa = PBXProject;
			attributes = {
				LastSwiftUpdateCheck = 1200;
				LastUpgradeCheck = 1200;
				TargetAttributes = {
					40BAFC7E2526493E00538C66 = {
						CreatedOnToolsVersion = 12.0;
					};
				};
			};
			buildConfigurationList = 40BAFC7A2526493E00538C66 /* Build configuration list for PBXProject "Fructus" */;
			compatibilityVersion = "Xcode 9.3";
			developmentRegion = en;
			hasScannedForEncodings = 0;
			knownRegions = (
				en,
				Base,
			);
			mainGroup = 40BAFC762526493E00538C66;
			productRefGroup = 40BAFC802526493E00538C66 /* Products */;
			projectDirPath = "";
			projectRoot = "";
			targets = (
				40BAFC7E2526493E00538C66 /* Fructus */,
			);
		};
/* End PBXProject section */

/* Begin PBXResourcesBuildPhase section */
		40BAFC7D2526493E00538C66 /* Resources */ = {
			isa = PBXResourcesBuildPhase;
			buildActionMask = 2147483647;
			files = (
				40BAFC8A2526494000538C66 /* Preview Assets.xcassets in Resources */,
				40BAFC872526494000538C66 /* Assets.xcassets in Resources */,
			);
			runOnlyForDeploymentPostprocessing = 0;
		};
/* End PBXResourcesBuildPhase section */

/* Begin PBXSourcesBuildPhase section */
		40BAFC7B2526493E00538C66 /* Sources */ = {
			isa = PBXSourcesBuildPhase;
			buildActionMask = 2147483647;
			files = (
				406082042526686500438ABC /* FruitCardView.swift in Sources */,
				406082622527440C00438ABC /* StartButtonView.swift in Sources */,
				40866F3C2530A5F400F56257 /* FruitRowView.swift in Sources */,
				40866F39253089AE00F56257 /* FruitListView.swift in Sources */,
				45188DE3255AB94300205AD1 /* FruitDetailView.swift in Sources */,
				40866F32252E49FE00F56257 /* FruitData.swift in Sources */,
				40866F2D252E491100F56257 /* FruitModel.swift in Sources */,
				406082652527467500438ABC /* OnboardingView.swift in Sources */,
				40BAFC832526493E00538C66 /* FructusApp.swift in Sources */,
			);
			runOnlyForDeploymentPostprocessing = 0;
		};
/* End PBXSourcesBuildPhase section */

/* Begin XCBuildConfiguration section */
		40BAFC8C2526494000538C66 /* Debug */ = {
			isa = XCBuildConfiguration;
			buildSettings = {
				ALWAYS_SEARCH_USER_PATHS = NO;
				CLANG_ANALYZER_NONNULL = YES;
				CLANG_ANALYZER_NUMBER_OBJECT_CONVERSION = YES_AGGRESSIVE;
				CLANG_CXX_LANGUAGE_STANDARD = "gnu++14";
				CLANG_CXX_LIBRARY = "libc++";
				CLANG_ENABLE_MODULES = YES;
				CLANG_ENABLE_OBJC_ARC = YES;
				CLANG_ENABLE_OBJC_WEAK = YES;
				CLANG_WARN_BLOCK_CAPTURE_AUTORELEASING = YES;
				CLANG_WARN_BOOL_CONVERSION = YES;
				CLANG_WARN_COMMA = YES;
				CLANG_WARN_CONSTANT_CONVERSION = YES;
				CLANG_WARN_DEPRECATED_OBJC_IMPLEMENTATIONS = YES;
				CLANG_WARN_DIRECT_OBJC_ISA_USAGE = YES_ERROR;
				CLANG_WARN_DOCUMENTATION_COMMENTS = YES;
				CLANG_WARN_EMPTY_BODY = YES;
				CLANG_WARN_ENUM_CONVERSION = YES;
				CLANG_WARN_INFINITE_RECURSION = YES;
				CLANG_WARN_INT_CONVERSION = YES;
				CLANG_WARN_NON_LITERAL_NULL_CONVERSION = YES;
				CLANG_WARN_OBJC_IMPLICIT_RETAIN_SELF = YES;
				CLANG_WARN_OBJC_LITERAL_CONVERSION = YES;
				CLANG_WARN_OBJC_ROOT_CLASS = YES_ERROR;
				CLANG_WARN_QUOTED_INCLUDE_IN_FRAMEWORK_HEADER = YES;
				CLANG_WARN_RANGE_LOOP_ANALYSIS = YES;
				CLANG_WARN_STRICT_PROTOTYPES = YES;
				CLANG_WARN_SUSPICIOUS_MOVE = YES;
				CLANG_WARN_UNGUARDED_AVAILABILITY = YES_AGGRESSIVE;
				CLANG_WARN_UNREACHABLE_CODE = YES;
				CLANG_WARN__DUPLICATE_METHOD_MATCH = YES;
				COPY_PHASE_STRIP = NO;
				DEBUG_INFORMATION_FORMAT = dwarf;
				ENABLE_STRICT_OBJC_MSGSEND = YES;
				ENABLE_TESTABILITY = YES;
				GCC_C_LANGUAGE_STANDARD = gnu11;
				GCC_DYNAMIC_NO_PIC = NO;
				GCC_NO_COMMON_BLOCKS = YES;
				GCC_OPTIMIZATION_LEVEL = 0;
				GCC_PREPROCESSOR_DEFINITIONS = (
					"DEBUG=1",
					"$(inherited)",
				);
				GCC_WARN_64_TO_32_BIT_CONVERSION = YES;
				GCC_WARN_ABOUT_RETURN_TYPE = YES_ERROR;
				GCC_WARN_UNDECLARED_SELECTOR = YES;
				GCC_WARN_UNINITIALIZED_AUTOS = YES_AGGRESSIVE;
				GCC_WARN_UNUSED_FUNCTION = YES;
				GCC_WARN_UNUSED_VARIABLE = YES;
				IPHONEOS_DEPLOYMENT_TARGET = 14.0;
				MTL_ENABLE_DEBUG_INFO = INCLUDE_SOURCE;
				MTL_FAST_MATH = YES;
				ONLY_ACTIVE_ARCH = YES;
				SDKROOT = iphoneos;
				SWIFT_ACTIVE_COMPILATION_CONDITIONS = DEBUG;
				SWIFT_OPTIMIZATION_LEVEL = "-Onone";
			};
			name = Debug;
		};
		40BAFC8D2526494000538C66 /* Release */ = {
			isa = XCBuildConfiguration;
			buildSettings = {
				ALWAYS_SEARCH_USER_PATHS = NO;
				CLANG_ANALYZER_NONNULL = YES;
				CLANG_ANALYZER_NUMBER_OBJECT_CONVERSION = YES_AGGRESSIVE;
				CLANG_CXX_LANGUAGE_STANDARD = "gnu++14";
				CLANG_CXX_LIBRARY = "libc++";
				CLANG_ENABLE_MODULES = YES;
				CLANG_ENABLE_OBJC_ARC = YES;
				CLANG_ENABLE_OBJC_WEAK = YES;
				CLANG_WARN_BLOCK_CAPTURE_AUTORELEASING = YES;
				CLANG_WARN_BOOL_CONVERSION = YES;
				CLANG_WARN_COMMA = YES;
				CLANG_WARN_CONSTANT_CONVERSION = YES;
				CLANG_WARN_DEPRECATED_OBJC_IMPLEMENTATIONS = YES;
				CLANG_WARN_DIRECT_OBJC_ISA_USAGE = YES_ERROR;
				CLANG_WARN_DOCUMENTATION_COMMENTS = YES;
				CLANG_WARN_EMPTY_BODY = YES;
				CLANG_WARN_ENUM_CONVERSION = YES;
				CLANG_WARN_INFINITE_RECURSION = YES;
				CLANG_WARN_INT_CONVERSION = YES;
				CLANG_WARN_NON_LITERAL_NULL_CONVERSION = YES;
				CLANG_WARN_OBJC_IMPLICIT_RETAIN_SELF = YES;
				CLANG_WARN_OBJC_LITERAL_CONVERSION = YES;
				CLANG_WARN_OBJC_ROOT_CLASS = YES_ERROR;
				CLANG_WARN_QUOTED_INCLUDE_IN_FRAMEWORK_HEADER = YES;
				CLANG_WARN_RANGE_LOOP_ANALYSIS = YES;
				CLANG_WARN_STRICT_PROTOTYPES = YES;
				CLANG_WARN_SUSPICIOUS_MOVE = YES;
				CLANG_WARN_UNGUARDED_AVAILABILITY = YES_AGGRESSIVE;
				CLANG_WARN_UNREACHABLE_CODE = YES;
				CLANG_WARN__DUPLICATE_METHOD_MATCH = YES;
				COPY_PHASE_STRIP = NO;
				DEBUG_INFORMATION_FORMAT = "dwarf-with-dsym";
				ENABLE_NS_ASSERTIONS = NO;
				ENABLE_STRICT_OBJC_MSGSEND = YES;
				GCC_C_LANGUAGE_STANDARD = gnu11;
				GCC_NO_COMMON_BLOCKS = YES;
				GCC_WARN_64_TO_32_BIT_CONVERSION = YES;
				GCC_WARN_ABOUT_RETURN_TYPE = YES_ERROR;
				GCC_WARN_UNDECLARED_SELECTOR = YES;
				GCC_WARN_UNINITIALIZED_AUTOS = YES_AGGRESSIVE;
				GCC_WARN_UNUSED_FUNCTION = YES;
				GCC_WARN_UNUSED_VARIABLE = YES;
				IPHONEOS_DEPLOYMENT_TARGET = 14.0;
				MTL_ENABLE_DEBUG_INFO = NO;
				MTL_FAST_MATH = YES;
				SDKROOT = iphoneos;
				SWIFT_COMPILATION_MODE = wholemodule;
				SWIFT_OPTIMIZATION_LEVEL = "-O";
				VALIDATE_PRODUCT = YES;
			};
			name = Release;
		};
		40BAFC8F2526494000538C66 /* Debug */ = {
			isa = XCBuildConfiguration;
			buildSettings = {
				ASSETCATALOG_COMPILER_APPICON_NAME = AppIcon;
				ASSETCATALOG_COMPILER_GLOBAL_ACCENT_COLOR_NAME = AccentColor;
				CODE_SIGN_STYLE = Automatic;
				DEVELOPMENT_ASSET_PATHS = "\"Fructus/Preview Content\"";
				DEVELOPMENT_TEAM = RE4YFXSB23;
				ENABLE_PREVIEWS = YES;
				INFOPLIST_FILE = Fructus/Info.plist;
				IPHONEOS_DEPLOYMENT_TARGET = 14.0;
				LD_RUNPATH_SEARCH_PATHS = (
					"$(inherited)",
					"@executable_path/Frameworks",
				);
				PRODUCT_BUNDLE_IDENTIFIER = com.glennposadas.test.fructus.Fructus;
				PRODUCT_NAME = "$(TARGET_NAME)";
				SWIFT_VERSION = 5.0;
				TARGETED_DEVICE_FAMILY = "1,2";
			};
			name = Debug;
		};
		40BAFC902526494000538C66 /* Release */ = {
			isa = XCBuildConfiguration;
			buildSettings = {
				ASSETCATALOG_COMPILER_APPICON_NAME = AppIcon;
				ASSETCATALOG_COMPILER_GLOBAL_ACCENT_COLOR_NAME = AccentColor;
				CODE_SIGN_STYLE = Automatic;
				DEVELOPMENT_ASSET_PATHS = "\"Fructus/Preview Content\"";
				DEVELOPMENT_TEAM = RE4YFXSB23;
				ENABLE_PREVIEWS = YES;
				INFOPLIST_FILE = Fructus/Info.plist;
				IPHONEOS_DEPLOYMENT_TARGET = 14.0;
				LD_RUNPATH_SEARCH_PATHS = (
					"$(inherited)",
					"@executable_path/Frameworks",
				);
				PRODUCT_BUNDLE_IDENTIFIER = com.glennposadas.test.fructus.Fructus;
				PRODUCT_NAME = "$(TARGET_NAME)";
				SWIFT_VERSION = 5.0;
				TARGETED_DEVICE_FAMILY = "1,2";
			};
			name = Release;
		};
/* End XCBuildConfiguration section */

/* Begin XCConfigurationList section */
		40BAFC7A2526493E00538C66 /* Build configuration list for PBXProject "Fructus" */ = {
			isa = XCConfigurationList;
			buildConfigurations = (
				40BAFC8C2526494000538C66 /* Debug */,
				40BAFC8D2526494000538C66 /* Release */,
			);
			defaultConfigurationIsVisible = 0;
			defaultConfigurationName = Release;
		};
		40BAFC8E2526494000538C66 /* Build configuration list for PBXNativeTarget "Fructus" */ = {
			isa = XCConfigurationList;
			buildConfigurations = (
				40BAFC8F2526494000538C66 /* Debug */,
				40BAFC902526494000538C66 /* Release */,
			);
			defaultConfigurationIsVisible = 0;
			defaultConfigurationName = Release;
		};
/* End XCConfigurationList section */
	};
	rootObject = 40BAFC772526493E00538C66 /* Project object */;
}
